
Microsoft Visual Studio Solution File, Format Version 12.00
# Visual Studio 2012
Project("{FAE04EC0-301F-11D3-BF4B-00C04F79EFBC}") = "NoteService", "NoteService\NoteService.csproj", "{47E047DC-3FB4-4E28-B899-9F1CA72E6BCD}"
EndProject
Project("{FAE04EC0-301F-11D3-BF4B-00C04F79EFBC}") = "NoteService.Tests", "NoteService.Tests\NoteService.Tests.csproj", "{2619CD64-97AF-4FB1-8DCC-308E62D265E8}"
EndProject
Project("{FAE04EC0-301F-11D3-BF4B-00C04F79EFBC}") = "NoteServiceNancy", "NoteServiceNancy\NoteServiceNancy.csproj", "{B549A82B-1EB4-48F1-8A91-27A3524DBF51}"
EndProject
Project("{2150E333-8FDC-42A3-9474-1A3956D46DE8}") = ".nuget", ".nuget", "{681AB809-CFB4-469F-A182-A019D30AE091}"
	ProjectSection(SolutionItems) = preProject
		.nuget\NuGet.Config = .nuget\NuGet.Config
		.nuget\NuGet.exe = .nuget\NuGet.exe
		.nuget\NuGet.targets = .nuget\NuGet.targets
	EndProjectSection
EndProject
Global
	GlobalSection(SolutionConfigurationPlatforms) = preSolution
		Debug|Any CPU = Debug|Any CPU
		Release|Any CPU = Release|Any CPU
	EndGlobalSection
	GlobalSection(ProjectConfigurationPlatforms) = postSolution
		{47E047DC-3FB4-4E28-B899-9F1CA72E6BCD}.Debug|Any CPU.ActiveCfg = Debug|Any CPU
		{47E047DC-3FB4-4E28-B899-9F1CA72E6BCD}.Debug|Any CPU.Build.0 = Debug|Any CPU
		{47E047DC-3FB4-4E28-B899-9F1CA72E6BCD}.Release|Any CPU.ActiveCfg = Release|Any CPU
		{47E047DC-3FB4-4E28-B899-9F1CA72E6BCD}.Release|Any CPU.Build.0 = Release|Any CPU
		{2619CD64-97AF-4FB1-8DCC-308E62D265E8}.Debug|Any CPU.ActiveCfg = Debug|Any CPU
		{2619CD64-97AF-4FB1-8DCC-308E62D265E8}.Debug|Any CPU.Build.0 = Debug|Any CPU
		{2619CD64-97AF-4FB1-8DCC-308E62D265E8}.Release|Any CPU.ActiveCfg = Release|Any CPU
		{2619CD64-97AF-4FB1-8DCC-308E62D265E8}.Release|Any CPU.Build.0 = Release|Any CPU
		{B549A82B-1EB4-48F1-8A91-27A3524DBF51}.Debug|Any CPU.ActiveCfg = Debug|Any CPU
		{B549A82B-1EB4-48F1-8A91-27A3524DBF51}.Debug|Any CPU.Build.0 = Debug|Any CPU
		{B549A82B-1EB4-48F1-8A91-27A3524DBF51}.Release|Any CPU.ActiveCfg = Release|Any CPU
		{B549A82B-1EB4-48F1-8A91-27A3524DBF51}.Release|Any CPU.Build.0 = Release|Any CPU
	EndGlobalSection
	GlobalSection(SolutionProperties) = preSolution
		HideSolutionNode = FALSE
	EndGlobalSection
	GlobalSection(ExtensibilityGlobals) = postSolution
		EnterpriseLibraryConfigurationToolBinariesPath = packages\Unity.2.1.505.2\lib\NET35
	EndGlobalSection
EndGlobal
